
Microsoft Visual Studio Solution File, Format Version 12.00
# Visual Studio Version 16
VisualStudioVersion = 16.0.30225.117
MinimumVisualStudioVersion = 10.0.40219.1
Project("{FAE04EC0-301F-11D3-BF4B-00C04F79EFBC}") = "MobileFileServer", "MobileFileServer\MobileFileServer.csproj", "{02276B7C-E23C-4A94-AF8F-A3069AD386BE}"
EndProject
Global
	GlobalSection(SolutionConfigurationPlatforms) = preSolution
		Debug|Any CPU = Debug|Any CPU
		Release|Any CPU = Release|Any CPU
	EndGlobalSection
	GlobalSection(ProjectConfigurationPlatforms) = postSolution
		{02276B7C-E23C-4A94-AF8F-A3069AD386BE}.Debug|Any CPU.ActiveCfg = Debug|Any CPU
		{02276B7C-E23C-4A94-AF8F-A3069AD386BE}.Debug|Any CPU.Build.0 = Debug|Any CPU
		{02276B7C-E23C-4A94-AF8F-A3069AD386BE}.Release|Any CPU.ActiveCfg = Release|Any CPU
		{02276B7C-E23C-4A94-AF8F-A3069AD386BE}.Release|Any CPU.Build.0 = Release|Any CPU
	EndGlobalSection
	GlobalSection(SolutionProperties) = preSolution
		HideSolutionNode = FALSE
	EndGlobalSection
	GlobalSection(ExtensibilityGlobals) = postSolution
		SolutionGuid = {A9CB2F99-FA79-4536-B4E4-10823C46593D}
	EndGlobalSection
EndGlobal
